
Microsoft Visual Studio Solution File, Format Version 12.00
# Visual Studio Version 16
VisualStudioVersion = 16.0.31729.503
MinimumVisualStudioVersion = 10.0.40219.1
Project("{FAE04EC0-301F-11D3-BF4B-00C04F79EFBC}") = "Factorial", "Factorial\Factorial.csproj", "{412ED71B-68B0-421A-81AA-CDD4966E6B62}"
EndProject
Global
	GlobalSection(SolutionConfigurationPlatforms) = preSolution
		Debug|Any CPU = Debug|Any CPU
		Release|Any CPU = Release|Any CPU
	EndGlobalSection
	GlobalSection(ProjectConfigurationPlatforms) = postSolution
		{412ED71B-68B0-421A-81AA-CDD4966E6B62}.Debug|Any CPU.ActiveCfg = Debug|Any CPU
		{412ED71B-68B0-421A-81AA-CDD4966E6B62}.Debug|Any CPU.Build.0 = Debug|Any CPU
		{412ED71B-68B0-421A-81AA-CDD4966E6B62}.Release|Any CPU.ActiveCfg = Release|Any CPU
		{412ED71B-68B0-421A-81AA-CDD4966E6B62}.Release|Any CPU.Build.0 = Release|Any CPU
	EndGlobalSection
	GlobalSection(SolutionProperties) = preSolution
		HideSolutionNode = FALSE
	EndGlobalSection
	GlobalSection(ExtensibilityGlobals) = postSolution
		SolutionGuid = {AA7B7319-2273-4FC3-BAA3-6A541D5293EF}
	EndGlobalSection
EndGlobal
